github.com/chzyer/readline v0.0.0-20170313234921-41eea22f717c h1:XivOW3zP3dR0iERq+wQGK8K6JHCXKIpsAu/RjuARbUU=
github.com/chzyer/readline v0.0.0-20170313234921-41eea22f717c/go.mod h1:nSuG5e5PlCu98SY8svDHJxuZscDgtXS6KTTbou5AhLI=
github.com/chzyer/readline v0.0.0-20180603132655-2972be24d48e h1:fY5BOSpyZCqRo5OhCuC+XN+r/bBCmeuuJtjz+bCNIf8=
github.com/chzyer/readline v0.0.0-20180603132655-2972be24d48e/go.mod h1:nSuG5e5PlCu98SY8svDHJxuZscDgtXS6KTTbou5AhLI=
github.com/dave/jennifer v0.19.0 h1:HuBCbwbdRdqyOvUodzdBn2vwG5Jpr7DNBGFLYuYl8Rc=
github.com/dave/jennifer v0.19.0/go.mod h1:fIb+770HOpJ2fmN9EPPKOqm1vMGhB+TwXKMZhrIygKg=
github.com/dlclark/regexp2 v1.1.6 h1:CqB4MjHw0MFCDj+PHHjiESmHX+N7t0tJzKvC6M97BRg=
github.com/dlclark/regexp2 v1.1.6/go.mod h1:2pZnwuY/m+8K6iRw6wQdMtk+rH5tNGR1i55kozfMjCc=
github.com/dlclark/regexp2 v1.2.0 h1:8sAhBGEM0dRWogWqWyQeIJnxjWO6oIjl8FKqREDsGfk=
github.com/dlclark/regexp2 v1.2.0/go.mod h1:2pZnwuY/m+8K6iRw6wQdMtk+rH5tNGR1i55kozfMjCc=
github.com/fatih/camelcase v1.0.0 h1:hxNvNX/xYBp0ovncs8WyWZrOrpBNub/JfaMvbURyft8=
github.com/fatih/camelcase v1.0.0/go.mod h1:yN2Sb0lFhZJUdVvtELVWefmrXpuZESvPmqwoZc+/fpc=
github.com/fatih/structs v0.0.0-20170524075631-74a29b9fac73 h1:GJSqM4dNAfh2RArT0qS0/PXmq60F4iAjY/P0Zw8RvJs=
github.com/fatih/structs v0.0.0-20170524075631-74a29b9fac73/go.mod h1:9NiDSp5zOcgEDl+j00MP/WkGVPOlPRLejGD8Ga6PJ7M=
github.com/fatih/structs v1.1.0 h1:Q7juDM0QtcnhCpeyLGQKyg4TOIghuNXrkL32pHAUMxo=
github.com/fatih/structs v1.1.0/go.mod h1:9NiDSp5zOcgEDl+j00MP/WkGVPOlPRLejGD8Ga6PJ7M=
github.com/go-sql-driver/mysql v1.4.0/go.mod h1:zAC/RDZ24gD3HViQzih4MyKcchzm+sOG5ZlKdlhCg5w=
github.com/gorilla/context v0.0.0-20141217160251-215affda49ad h1:wJwKN6X6iRRVnjdBgrkWjhBOvYm7yw5boqXwFUnBtbE=
github.com/gorilla/context v0.0.0-20141217160251-215affda49ad/go.mod h1:kBGZzfjB9CEq2AlWe17Uuf7NDRt0dE0s8S51q0aT7Yg=
github.com/gorilla/context v1.1.1 h1:AWwleXJkX/nhcU9bZSnZoi3h/qGYqQAGhq6zZe/aQW8=
github.com/gorilla/context v1.1.1/go.mod h1:kBGZzfjB9CEq2AlWe17Uuf7NDRt0dE0s8S51q0aT7Yg=
github.com/gorilla/mux v0.0.0-20140926153814-e444e69cbd2e h1:nH09qCdJVZxw0nRVfm14xjXkw2puLyLPN56n4u+vTC0=
github.com/gorilla/mux v0.0.0-20140926153814-e444e69cbd2e/go.mod h1:1lud6UwP+6orDFRuTfBEV8e9/aOM/c4fVVCaMa2zaAs=
github.com/gorilla/mux v1.7.3 h1:gnP5JzjVOuiZD07fKKToCAOjS0yOpj/qPETTXCCS6hw=
github.com/gorilla/mux v1.7.3/go.mod h1:1lud6UwP+6orDFRuTfBEV8e9/aOM/c4fVVCaMa2zaAs=
github.com/jmoiron/sqlx v0.0.0-20160206221533-398dd5876282 h1:6C9piDBtoXfkPcl1pitty4DkBX3VN2rcH5ZXmQMaM0U=
github.com/jmoiron/sqlx v0.0.0-20160206221533-398dd5876282/go.mod h1:IiEW3SEiiErVyFdH8NTuWjSifiEQKUoyK3LNqr2kCHU=
github.com/jmoiron/sqlx v1.2.0 h1:41Ip0zITnmWNR/vHV+S4m+VoUivnWY5E4OJfLZjCJMA=
github.com/jmoiron/sqlx v1.2.0/go.mod h1:1FEQNm3xlJgrMD+FBdI9+xvCksHtbpVBBw5dYhBSsks=
github.com/lib/pq v0.0.0-20160316202507-3cd0097429be h1:FpIQCxe7U4bihlYIMAYrdDu7DKHvOHUF3EZ0xftWGGA=
github.com/lib/pq v0.0.0-20160316202507-3cd0097429be/go.mod h1:5WUZQaWbwv1U+lTReE5YruASi9Al49XbQIvNi/34Woo=
github.com/lib/pq v1.0.0/go.mod h1:5WUZQaWbwv1U+lTReE5YruASi9Al49XbQIvNi/34Woo=
github.com/lib/pq v1.2.0 h1:LXpIM/LZ5xGFhOpXAQUIMM1HdyqzVYM13zNdjCEEcA0=
github.com/lib/pq v1.2.0/go.mod h1:5WUZQaWbwv1U+lTReE5YruASi9Al49XbQIvNi/34Woo=
github.com/looplab/fsm v0.0.0-20170404094036-bcc3636384ce h1:/kHlhGMhXnoVgYIRC63Vkdh1CI43Yq5ry8slZMknCRI=
github.com/looplab/fsm v0.0.0-20170404094036-bcc3636384ce/go.mod h1:m2VaOfDHxqXBBMgc26m6yUOwkFn8H2AlJDE+jd/uafI=
github.com/looplab/fsm v0.1.0 h1:Qte7Zdn/5hBNbXzP7yxVU4OIFHWXBovyTT2LaBTyC20=
github.com/looplab/fsm v0.1.0/go.mod h1:m2VaOfDHxqXBBMgc26m6yUOwkFn8H2AlJDE+jd/uafI=
github.com/mattn/go-colorable v0.0.0-20170811043054-6df6d4d004b6 h1:/MxK5074UXZalLmf4T93crUVOdq0P1VX250umbSx2jc=
github.com/mattn/go-colorable v0.0.0-20170811043054-6df6d4d004b6/go.mod h1:9vuHe8Xs5qXnSaW/c/ABM9alt+Vo+STaOChaDxuIBZU=
github.com/mattn/go-colorable v0.1.4 h1:snbPLB8fVfU9iwbbo30TPtbLRzwWu6aJS6Xh4eaaviA=
github.com/mattn/go-colorable v0.1.4/go.mod h1:U0ppj6V5qS13XJ6of8GYAs25YV2eR4EVcfRqFIhoBtE=
github.com/mattn/go-isatty v0.0.2 h1:F+DnWktyadxnOrohKLNUC9/GjFii5RJgY4GFG6ilggw=
github.com/mattn/go-isatty v0.0.2/go.mod h1:M+lRXTBqGeGNdLjl/ufCoiOlB5xdOkqRJdNxMWT7Zi4=
github.com/mattn/go-isatty v0.0.8 h1:HLtExJ+uU2HOZ+wI0Tt5DtUDrx8yhUqDcp7fYERX4CE=
github.com/mattn/go-isatty v0.0.8/go.mod h1:Iq45c/XA43vh69/j3iqttzPXn0bhXyGjM0Hdxcsrc5s=
github.com/mattn/go-isatty v0.0.10 h1:qxFzApOv4WsAL965uUPIsXzAKCZxN2p9UqdhFS4ZW10=
github.com/mattn/go-isatty v0.0.10/go.mod h1:qgIWMr58cqv1PHHyhnkY9lrL7etaEgOFcMEpPG5Rm84=
github.com/mattn/go-sqlite3 v1.9.0/go.mod h1:FPy6KqzDD04eiIsT53CuJW3U88zkxoIYsOqkbpncsNc=
github.com/pkg/profile v0.0.0-20170413231811-06b906832ed0 h1:wBza4Dlm/NCQF572oSGNZ69flNFxlwIHjtwS6oy3Rvw=
github.com/pkg/profile v0.0.0-20170413231811-06b906832ed0/go.mod h1:hJw3o1OdXxsrSjjVksARp5W95eeEaEfptyVZyv6JUPA=
github.com/pkg/profile v1.3.0 h1:OQIvuDgm00gWVWGTf4m4mCt6W1/0YqU7Ntg0mySWgaI=
github.com/pkg/profile v1.3.0/go.mod h1:hJw3o1OdXxsrSjjVksARp5W95eeEaEfptyVZyv6JUPA=
github.com/st0012/metago v0.0.0-20170729114159-0405a10ef6ad h1:Q3QshZmCyIZjo4S9JND0FJ2Q3LZwuMb+TB5LybexTX4=
github.com/st0012/metago v0.0.0-20170729114159-0405a10ef6ad/go.mod h1:Ad5ZuP0Q5pBQ7YPmgVvW+MsrpJryZs7HdOctZwj5quA=
github.com/st0012/metago v0.0.0-20170803060228-9a814882b21a h1:J659HSUKwR6UrK2Do7Ma23ZXeLFg24SfIdMb1cum434=
github.com/st0012/metago v0.0.0-20170803060228-9a814882b21a/go.mod h1:Ad5ZuP0Q5pBQ7YPmgVvW+MsrpJryZs7HdOctZwj5quA=
github.com/yuin/goldmark v1.1.27/go.mod h1:3hX8gzYuyVAZsxl0MRgGTJEmQBFcNTphYh9decYSb74=
golang.org/x/crypto v0.0.0-20190308221718-c2843e01d9a2/go.mod h1:djNgcEr1/C05ACkg1iLfiJU5Ep61QUkGW8qpdssI0+w=
golang.org/x/crypto v0.0.0-20191011191535-87dc89f01550/go.mod h1:yigFU9vqHzYiE8UmvKecakEJjdnWj3jj499lnFckfCI=
golang.org/x/mod v0.2.0/go.mod h1:s0Qsj1ACt9ePp/hMypM3fl4fZqREWJwdYDEqhRiZZUA=
golang.org/x/net v0.0.0-20190404232315-eb5bcb51f2a3/go.mod h1:t9HGtf8HONx5eT2rtn7q6eTqICYqUVnKs3thJo3Qplg=
golang.org/x/net v0.0.0-20190620200207-3b0461eec859/go.mod h1:z5CRVTTTmAJ677TzLLGU+0bjPO0LkuOLi4/5GtJWs/s=
golang.org/x/net v0.0.0-20200226121028-0de0cce0169b/go.mod h1:z5CRVTTTmAJ677TzLLGU+0bjPO0LkuOLi4/5GtJWs/s=
golang.org/x/sync v0.0.0-20190423024810-112230192c58/go.mod h1:RxMgew5VJxzue5/jJTE5uejpjVlOe/izrB70Jof72aM=
golang.org/x/sync v0.0.0-20190911185100-cd5d95a43a6e/go.mod h1:RxMgew5VJxzue5/jJTE5uejpjVlOe/izrB70Jof72aM=
golang.org/x/sys v0.0.0-20170710161658-abf9c25f5445 h1:ihxcHCoeP6QVHLnvt4PXvpgB9U94enD3OVEM+UcAuVs=
golang.org/x/sys v0.0.0-20170710161658-abf9c25f5445/go.mod h1:STP8DvDyc/dI5b8T5hshtkjS+E42TnysNCUPdjciGhY=
golang.org/x/sys v0.0.0-20190215142949-d0b11bdaac8a/go.mod h1:STP8DvDyc/dI5b8T5hshtkjS+E42TnysNCUPdjciGhY=
golang.org/x/sys v0.0.0-20190222072716-a9d3bda3a223 h1:DH4skfRX4EBpamg7iV4ZlCpblAHI6s6TDM39bFZumv8=
golang.org/x/sys v0.0.0-20190222072716-a9d3bda3a223/go.mod h1:STP8DvDyc/dI5b8T5hshtkjS+E42TnysNCUPdjciGhY=
golang.org/x/sys v0.0.0-20190412213103-97732733099d/go.mod h1:h1NjWce9XRLGQEsW7wpKNCjG9DtNlClVuFLEZdDNbEs=
golang.org/x/sys v0.0.0-20191008105621-543471e840be h1:QAcqgptGM8IQBC9K/RC4o+O9YmqEm0diQn9QmZw/0mU=
golang.org/x/sys v0.0.0-20191008105621-543471e840be/go.mod h1:h1NjWce9XRLGQEsW7wpKNCjG9DtNlClVuFLEZdDNbEs=
golang.org/x/sys v0.0.0-20191029155521-f43be2a4598c h1:S/FtSvpNLtFBgjTqcKsRpsa6aVsI6iztaz1bQd9BJwE=
golang.org/x/sys v0.0.0-20191029155521-f43be2a4598c/go.mod h1:h1NjWce9XRLGQEsW7wpKNCjG9DtNlClVuFLEZdDNbEs=
golang.org/x/text v0.3.0/go.mod h1:NqM8EUOU14njkJ3fqMW+pc6Ldnwhi/IjpwHt7yyuwOQ=
golang.org/x/tools v0.0.0-20191119224855-298f0cb1881e/go.mod h1:b+2E5dAYhXwXZwtnZ6UAqBI28+e2cm9otk0dWdXHAEo=
golang.org/x/tools v0.0.0-20200417140056-c07e33ef3290 h1:NXNmtp0ToD36cui5IqWy95LC4Y6vT/4y3RnPxlQPinU=
golang.org/x/tools v0.0.0-20200417140056-c07e33ef3290/go.mod h1:EkVYQZoAsY45+roYkvgYkIh4xh/qjgUK9TdY2XT94GE=
golang.org/x/xerrors v0.0.0-20190717185122-a985d3407aa7/go.mod h1:I/5z698sn9Ka8TeJc9MKroUUfqBBauWjQqLJ2OPfmY0=
golang.org/x/xerrors v0.0.0-20191011141410-1b5146add898/go.mod h1:I/5z698sn9Ka8TeJc9MKroUUfqBBauWjQqLJ2OPfmY0=
golang.org/x/xerrors v0.0.0-20191204190536-9bdfabe68543/go.mod h1:I/5z698sn9Ka8TeJc9MKroUUfqBBauWjQqLJ2OPfmY0=
