# This file is autogenerated, do not edit; changes may be undone by the next 'dep ensure'.


[[projects]]
  name = "github.com/chzyer/readline"
  packages = ["."]
  revision = "41eea22f717c616615e1e59aa06cf831f9901f35"

[[projects]]
  name = "github.com/dave/jennifer"
  packages = ["jen"]
  revision = "0264ec47f284c27fe4f52072dc0f4da5a5771c04"
  version = "v0.19.0"

[[projects]]
  name = "github.com/dlclark/regexp2"
  packages = [
    ".",
    "syntax"
  ]
  revision = "487489b64fb796de2e55f4e8a4ad1e145f80e957"
  version = "v1.1.6"

[[projects]]
  branch = "master"
  name = "github.com/fatih/camelcase"
  packages = ["."]
  revision = "44e46d280b43ec1531bb25252440e34f1b800b65"

[[projects]]
  name = "github.com/fatih/structs"
  packages = ["."]
  revision = "74a29b9fac7397d933f47e33eba94d2d83a464a2"

[[projects]]
  name = "github.com/gorilla/context"
  packages = ["."]
  revision = "215affda49addc4c8ef7e2534915df2c8c35c6cd"

[[projects]]
  name = "github.com/gorilla/mux"
  packages = ["."]
  revision = "e444e69cbd2e2e3e0749a2f3c717cec491552bbf"

[[projects]]
  name = "github.com/jmoiron/sqlx"
  packages = [
    ".",
    "reflectx"
  ]
  revision = "398dd5876282499cdfd4cb8ea0f31a672abe9495"

[[projects]]
  name = "github.com/lib/pq"
  packages = [
    ".",
    "oid"
  ]
  revision = "3cd0097429be7d611bb644ef85b42bfb102ceea4"

[[projects]]
  name = "github.com/looplab/fsm"
  packages = ["."]
  revision = "bcc3636384ce80a109a6039432b30ff5b82476ee"

[[projects]]
  name = "github.com/mattn/go-colorable"
  packages = ["."]
  revision = "6df6d4d004b64986bbb0d1b25945f42b44787e90"

[[projects]]
  name = "github.com/mattn/go-isatty"
  packages = ["."]
  revision = "fc9e8d8ef48496124e79ae0df75490096eccf6fe"
  version = "v0.0.2"

[[projects]]
  name = "github.com/pkg/profile"
  packages = ["."]
  revision = "06b906832ed0e32302a942b63b6c5f8359034d26"

[[projects]]
  name = "github.com/st0012/metago"
  packages = ["."]
  revision = "0405a10ef6ad0c60ffd715d3bcdfdc1555741ac7"

[[projects]]
  name = "golang.org/x/sys"
  packages = ["unix"]
  revision = "abf9c25f54453410d0c6668e519582a9e1115027"

[solve-meta]
  analyzer-name = "dep"
  analyzer-version = 1
  inputs-digest = "d04e6bcc388e144036a96b0709f309ae79f8b1bf007c07a7686d0ad11b314d29"
  solver-name = "gps-cdcl"
  solver-version = 1
